
Microsoft Visual Studio Solution File, Format Version 12.00
# Visual Studio Version 17
VisualStudioVersion = 17.0.31919.166
MinimumVisualStudioVersion = 10.0.40219.1
Project("{FAE04EC0-301F-11D3-BF4B-00C04F79EFBC}") = "BasicServerDemo", "BasicServerDemo\BasicServerDemo.csproj", "{79D54B55-A5C1-47E8-9513-6F600B63D895}"
EndProject
Global
	GlobalSection(SolutionConfigurationPlatforms) = preSolution
		Debug|Any CPU = Debug|Any CPU
		Release|Any CPU = Release|Any CPU
	EndGlobalSection
	GlobalSection(ProjectConfigurationPlatforms) = postSolution
		{79D54B55-A5C1-47E8-9513-6F600B63D895}.Debug|Any CPU.ActiveCfg = Debug|Any CPU
		{79D54B55-A5C1-47E8-9513-6F600B63D895}.Debug|Any CPU.Build.0 = Debug|Any CPU
		{79D54B55-A5C1-47E8-9513-6F600B63D895}.Release|Any CPU.ActiveCfg = Release|Any CPU
		{79D54B55-A5C1-47E8-9513-6F600B63D895}.Release|Any CPU.Build.0 = Release|Any CPU
	EndGlobalSection
	GlobalSection(SolutionProperties) = preSolution
		HideSolutionNode = FALSE
	EndGlobalSection
	GlobalSection(ExtensibilityGlobals) = postSolution
		SolutionGuid = {F470A210-5972-4035-8B49-D319BC47F1BC}
	EndGlobalSection
EndGlobal
